
Microsoft Visual Studio Solution File, Format Version 12.00
# Visual Studio Version 16
VisualStudioVersion = 16.0.31112.23
MinimumVisualStudioVersion = 10.0.40219.1
Project("{9A19103F-16F7-4668-BE54-9A1E7A4F7556}") = "IT-Backend-Server", "IT-Backend-Server\IT-Backend-Server.csproj", "{2AEE1446-59AF-4E25-A7A3-4F403EB3E15A}"
EndProject
Global
	GlobalSection(SolutionConfigurationPlatforms) = preSolution
		Debug|Any CPU = Debug|Any CPU
		Release|Any CPU = Release|Any CPU
	EndGlobalSection
	GlobalSection(ProjectConfigurationPlatforms) = postSolution
		{2AEE1446-59AF-4E25-A7A3-4F403EB3E15A}.Debug|Any CPU.ActiveCfg = Debug|Any CPU
		{2AEE1446-59AF-4E25-A7A3-4F403EB3E15A}.Debug|Any CPU.Build.0 = Debug|Any CPU
		{2AEE1446-59AF-4E25-A7A3-4F403EB3E15A}.Release|Any CPU.ActiveCfg = Release|Any CPU
		{2AEE1446-59AF-4E25-A7A3-4F403EB3E15A}.Release|Any CPU.Build.0 = Release|Any CPU
	EndGlobalSection
	GlobalSection(SolutionProperties) = preSolution
		HideSolutionNode = FALSE
	EndGlobalSection
	GlobalSection(ExtensibilityGlobals) = postSolution
		SolutionGuid = {FD1CB646-EB69-4456-A7ED-4A9A3CE86ECD}
	EndGlobalSection
EndGlobal
